<?xml version="1.0" encoding="utf-8"?>
<Project ToolsVersion="4.0" xmlns="http://schemas.microsoft.com/developer/msbuild/2003">
  <ItemGroup>
    <Filter Include="Resource Files">
      <UniqueIdentifier>{f2932ce3-0c0d-44ad-8e32-37a97271b8e1}</UniqueIdentifier>
    </Filter>
    <Filter Include="Header Files">
      <UniqueIdentifier>{401dda86-0e1d-4792-92fb-5a7c0cefc631}</UniqueIdentifier>
    </Filter>
    <Filter Include="Source Files">
      <UniqueIdentifier>{08d49a41-0ab1-45ad-a59a-db5f63f2a58e}</UniqueIdentifier>
    </Filter>
  </ItemGroup>
  <ItemGroup>
    <Image Include="resources\images\Benny_Lek.bmp">
      <Filter>Resource Files</Filter>
    </Image>
    <Image Include="resources\images\basic_robot.bmp">
      <Filter>Resource Files</Filter>
    </Image>
    <Image Include="resources\images\capsule1337.bmp">
      <Filter>Resource Files</Filter>
    </Image>
    <Image Include="resources\images\Coke.bmp">
      <Filter>Resource Files</Filter>
    </Image>
    <Image Include="resources\images\grave_digger.bmp">
      <Filter>Resource Files</Filter>
    </Image>
    <Image Include="resources\images\missile.bmp">
      <Filter>Resource Files</Filter>
    </Image>
    <Image Include="resources\images\teemo.bmp">
      <Filter>Resource Files</Filter>
    </Image>
  </ItemGroup>
  <ItemGroup>
    <Media Include="resources\sounds\laser.wav">
      <Filter>Resource Files</Filter>
    </Media>
    <Media Include="resources\sounds\laserhit.wav">
      <Filter>Resource Files</Filter>
    </Media>
    <Media Include="resources\sounds\missile.wav">
      <Filter>Resource Files</Filter>
    </Media>
    <Media Include="resources\sounds\missilehit.wav">
      <Filter>Resource Files</Filter>
    </Media>
    <Media Include="resources\sounds\robotexplode.wav">
      <Filter>Resource Files</Filter>
    </Media>
    <Media Include="resources\sounds\robotscollide.wav">
      <Filter>Resource Files</Filter>
    </Media>
  </ItemGroup>
  <ItemGroup>
    <Font Include="resources\font\typed.ttf">
      <Filter>Resource Files</Filter>
    </Font>
  </ItemGroup>
  <ItemGroup>
    <None Include="packages.config" />
  </ItemGroup>
  <ItemGroup>
    <ClInclude Include="src\Arena.h">
      <Filter>Header Files</Filter>
    </ClInclude>
    <ClInclude Include="src\arena_impl.h">
      <Filter>Header Files</Filter>
    </ClInclude>
    <ClInclude Include="src\bot.h">
      <Filter>Header Files</Filter>
    </ClInclude>
    <ClInclude Include="src\common.h">
      <Filter>Header Files</Filter>
    </ClInclude>
    <ClInclude Include="src\competition.h">
      <Filter>Header Files</Filter>
    </ClInclude>
    <ClInclude Include="src\particles.h">
      <Filter>Header Files</Filter>
    </ClInclude>
    <ClInclude Include="src\sound.h">
      <Filter>Header Files</Filter>
    </ClInclude>
    <ClInclude Include="src\sync.h">
      <Filter>Header Files</Filter>
    </ClInclude>
    <ClInclude Include="src\utils.h">
      <Filter>Header Files</Filter>
    </ClInclude>
    <ClInclude Include="src\weapon.h">
      <Filter>Header Files</Filter>
    </ClInclude>
  </ItemGroup>
  <ItemGroup>
    <ClCompile Include="src\Arena.cpp">
      <Filter>Source Files</Filter>
    </ClCompile>
    <ClCompile Include="src\bot.cpp">
      <Filter>Source Files</Filter>
    </ClCompile>
    <ClCompile Include="src\competition.cpp">
      <Filter>Source Files</Filter>
    </ClCompile>
    <ClCompile Include="src\entities.cpp">
      <Filter>Source Files</Filter>
    </ClCompile>
    <ClCompile Include="src\infobox.cpp">
      <Filter>Source Files</Filter>
    </ClCompile>
    <ClCompile Include="src\loop.cpp">
      <Filter>Source Files</Filter>
    </ClCompile>
    <ClCompile Include="src\parameters.cpp">
      <Filter>Source Files</Filter>
    </ClCompile>
    <ClCompile Include="src\particles.cpp">
      <Filter>Source Files</Filter>
    </ClCompile>
    <ClCompile Include="src\remover.cpp">
      <Filter>Source Files</Filter>
    </ClCompile>
    <ClCompile Include="src\sound.cpp">
      <Filter>Source Files</Filter>
    </ClCompile>
    <ClCompile Include="src\utils.cpp">
      <Filter>Source Files</Filter>
    </ClCompile>
    <ClCompile Include="src\weapon.cpp">
      <Filter>Source Files</Filter>
    </ClCompile>
  </ItemGroup>
</Project>