<?xml version="1.0" encoding="utf-8"?>
<Project ToolsVersion="4.0" xmlns="http://schemas.microsoft.com/developer/msbuild/2003">
  <ItemGroup>
    <Filter Include="Source Files">
      <UniqueIdentifier>{4FC737F1-C7A5-4376-A066-2A32D752A2FF}</UniqueIdentifier>
      <Extensions>cpp;c;cc;cxx;c++;cppm;ixx;def;odl;idl;hpj;bat;asm;asmx</Extensions>
    </Filter>
    <Filter Include="Header Files">
      <UniqueIdentifier>{93995380-89BD-4b04-88EB-625FBE52EBFB}</UniqueIdentifier>
      <Extensions>h;hh;hpp;hxx;h++;hm;inl;inc;ipp;xsd</Extensions>
    </Filter>
    <Filter Include="Resource Files">
      <UniqueIdentifier>{67DA6AB6-F800-4c08-8B7A-83BB121AAD01}</UniqueIdentifier>
      <Extensions>rc;ico;cur;bmp;dlg;rc2;rct;bin;rgs;gif;jpg;jpeg;jpe;resx;tiff;tif;png;wav;mfcribbon-ms</Extensions>
    </Filter>
  </ItemGroup>
  <ItemGroup>
    <None Include="packages.config" />
  </ItemGroup>
  <ItemGroup>
    <ClCompile Include="src\Arena.cpp">
      <Filter>Source Files</Filter>
    </ClCompile>
    <ClCompile Include="src\main.cpp">
      <Filter>Source Files</Filter>
    </ClCompile>
    <ClCompile Include="src\update.cpp">
      <Filter>Source Files</Filter>
    </ClCompile>
    <ClCompile Include="src\utils.cpp">
      <Filter>Source Files</Filter>
    </ClCompile>
    <ClCompile Include="src\bot.cpp">
      <Filter>Source Files</Filter>
    </ClCompile>
    <ClCompile Include="src\weapon.cpp">
      <Filter>Source Files</Filter>
    </ClCompile>
    <ClCompile Include="src\entities.cpp">
      <Filter>Source Files</Filter>
    </ClCompile>
    <ClCompile Include="src\competition.cpp">
      <Filter>Source Files</Filter>
    </ClCompile>
  </ItemGroup>
  <ItemGroup>
    <ClInclude Include="src\Arena.h">
      <Filter>Header Files</Filter>
    </ClInclude>
    <ClInclude Include="src\update.h">
      <Filter>Header Files</Filter>
    </ClInclude>
    <ClInclude Include="src\utils.h">
      <Filter>Header Files</Filter>
    </ClInclude>
    <ClInclude Include="src\bot.h">
      <Filter>Header Files</Filter>
    </ClInclude>
    <ClInclude Include="src\component.h">
      <Filter>Header Files</Filter>
    </ClInclude>
    <ClInclude Include="src\weapon.h">
      <Filter>Header Files</Filter>
    </ClInclude>
    <ClInclude Include="src\entities.h">
      <Filter>Header Files</Filter>
    </ClInclude>
    <ClInclude Include="src\data.h">
      <Filter>Header Files</Filter>
    </ClInclude>
    <ClInclude Include="src\competition.h">
      <Filter>Header Files</Filter>
    </ClInclude>
  </ItemGroup>
  <ItemGroup>
    <Image Include="resources\images\background.bmp">
      <Filter>Resource Files</Filter>
    </Image>
    <Image Include="resources\images\basic_robot.bmp">
      <Filter>Resource Files</Filter>
    </Image>
    <Image Include="resources\images\Benny_Lek.bmp">
      <Filter>Resource Files</Filter>
    </Image>
    <Image Include="resources\images\capsule1337.bmp">
      <Filter>Resource Files</Filter>
    </Image>
    <Image Include="resources\images\Coke.bmp">
      <Filter>Resource Files</Filter>
    </Image>
    <Image Include="resources\images\grave_digger.bmp">
      <Filter>Resource Files</Filter>
    </Image>
    <Image Include="resources\images\missile.bmp">
      <Filter>Resource Files</Filter>
    </Image>
    <Image Include="resources\images\teemo.bmp">
      <Filter>Resource Files</Filter>
    </Image>
  </ItemGroup>
  <ItemGroup>
    <Media Include="resources\sounds\entertain.wav">
      <Filter>Resource Files</Filter>
    </Media>
    <Media Include="resources\sounds\fight.wav">
      <Filter>Resource Files</Filter>
    </Media>
    <Media Include="resources\sounds\laser.wav">
      <Filter>Resource Files</Filter>
    </Media>
    <Media Include="resources\sounds\laserhit.wav">
      <Filter>Resource Files</Filter>
    </Media>
    <Media Include="resources\sounds\missile.wav">
      <Filter>Resource Files</Filter>
    </Media>
    <Media Include="resources\sounds\missilehit.wav">
      <Filter>Resource Files</Filter>
    </Media>
    <Media Include="resources\sounds\robotexplode.wav">
      <Filter>Resource Files</Filter>
    </Media>
    <Media Include="resources\sounds\robotscollide.wav">
      <Filter>Resource Files</Filter>
    </Media>
    <Media Include="resources\sounds\turboboost.wav">
      <Filter>Resource Files</Filter>
    </Media>
  </ItemGroup>
</Project>