<?xml version="1.0" encoding="utf-8"?>
<Project ToolsVersion="4.0" xmlns="http://schemas.microsoft.com/developer/msbuild/2003">
  <ItemGroup>
    <Filter Include="Resource Files">
      <UniqueIdentifier>{67DA6AB6-F800-4c08-8B7A-83BB121AAD01}</UniqueIdentifier>
      <Extensions>rc;ico;cur;bmp;dlg;rc2;rct;bin;rgs;gif;jpg;jpeg;jpe;resx;tiff;tif;png;wav;mfcribbon-ms</Extensions>
    </Filter>
    <Filter Include="Source Files">
      <UniqueIdentifier>{d41f8900-c9e8-40af-8be0-1d781c945f08}</UniqueIdentifier>
    </Filter>
    <Filter Include="Header Files">
      <UniqueIdentifier>{4fe24537-29f5-4787-8e66-63b5c196052a}</UniqueIdentifier>
    </Filter>
  </ItemGroup>
  <ItemGroup>
    <None Include="packages.config" />
  </ItemGroup>
  <ItemGroup>
    <Image Include="resources\images\Benny_Lek.bmp">
      <Filter>Resource Files</Filter>
    </Image>
    <Image Include="resources\images\basic_robot.bmp">
      <Filter>Resource Files</Filter>
    </Image>
    <Image Include="resources\images\capsule1337.bmp">
      <Filter>Resource Files</Filter>
    </Image>
    <Image Include="resources\images\Coke.bmp">
      <Filter>Resource Files</Filter>
    </Image>
    <Image Include="resources\images\grave_digger.bmp">
      <Filter>Resource Files</Filter>
    </Image>
    <Image Include="resources\images\missile.bmp">
      <Filter>Resource Files</Filter>
    </Image>
    <Image Include="resources\images\teemo.bmp">
      <Filter>Resource Files</Filter>
    </Image>
  </ItemGroup>
  <ItemGroup>
    <Media Include="resources\sounds\laser.wav">
      <Filter>Resource Files</Filter>
    </Media>
    <Media Include="resources\sounds\laserhit.wav">
      <Filter>Resource Files</Filter>
    </Media>
    <Media Include="resources\sounds\missile.wav">
      <Filter>Resource Files</Filter>
    </Media>
    <Media Include="resources\sounds\missilehit.wav">
      <Filter>Resource Files</Filter>
    </Media>
    <Media Include="resources\sounds\robotexplode.wav">
      <Filter>Resource Files</Filter>
    </Media>
    <Media Include="resources\sounds\robotscollide.wav">
      <Filter>Resource Files</Filter>
    </Media>
  </ItemGroup>
  <ItemGroup>
    <Font Include="resources\font\typed.ttf">
      <Filter>Resource Files</Filter>
    </Font>
  </ItemGroup>
</Project>